// !$*UTF8*$!
{
	archiveVersion = 1;
	classes = {
	};
	objectVersion = 46;
	objects = {

/* Begin PBXBuildFile section */
		6A45A03D1BB1ECA200CB0F52 /* AppDelegate.swift in Sources */ = {isa = PBXBuildFile; fileRef = 6A45A03C1BB1ECA200CB0F52 /* AppDelegate.swift */; };
		6A45A0421BB1ECA200CB0F52 /* Main.storyboard in Resources */ = {isa = PBXBuildFile; fileRef = 6A45A0401BB1ECA200CB0F52 /* Main.storyboard */; };
		6A45A0441BB1ECA200CB0F52 /* Assets.xcassets in Resources */ = {isa = PBXBuildFile; fileRef = 6A45A0431BB1ECA200CB0F52 /* Assets.xcassets */; };
		6A45A0471BB1ECA200CB0F52 /* LaunchScreen.storyboard in Resources */ = {isa = PBXBuildFile; fileRef = 6A45A0451BB1ECA200CB0F52 /* LaunchScreen.storyboard */; };
		6A45A04F1BB1F04800CB0F52 /* THMainVC.swift in Sources */ = {isa = PBXBuildFile; fileRef = 6A45A04E1BB1F04800CB0F52 /* THMainVC.swift */; settings = {ASSET_TAGS = (); }; };
		6A45A0511BB1FCEF00CB0F52 /* THCommentsTVC.swift in Sources */ = {isa = PBXBuildFile; fileRef = 6A45A0501BB1FCEF00CB0F52 /* THCommentsTVC.swift */; settings = {ASSET_TAGS = (); }; };
		6A45A0531BB2099700CB0F52 /* THTransitCenter.swift in Sources */ = {isa = PBXBuildFile; fileRef = 6A45A0521BB2099700CB0F52 /* THTransitCenter.swift */; settings = {ASSET_TAGS = (); }; };
/* End PBXBuildFile section */

/* Begin PBXFileReference section */
		6A45A0391BB1ECA200CB0F52 /* TableHotelSwift.app */ = {isa = PBXFileReference; explicitFileType = wrapper.application; includeInIndex = 0; path = TableHotelSwift.app; sourceTree = BUILT_PRODUCTS_DIR; };
		6A45A03C1BB1ECA200CB0F52 /* AppDelegate.swift */ = {isa = PBXFileReference; lastKnownFileType = sourcecode.swift; path = AppDelegate.swift; sourceTree = "<group>"; };
		6A45A0411BB1ECA200CB0F52 /* Base */ = {isa = PBXFileReference; lastKnownFileType = file.storyboard; name = Base; path = Base.lproj/Main.storyboard; sourceTree = "<group>"; };
		6A45A0431BB1ECA200CB0F52 /* Assets.xcassets */ = {isa = PBXFileReference; lastKnownFileType = folder.assetcatalog; path = Assets.xcassets; sourceTree = "<group>"; };
		6A45A0461BB1ECA200CB0F52 /* Base */ = {isa = PBXFileReference; lastKnownFileType = file.storyboard; name = Base; path = Base.lproj/LaunchScreen.storyboard; sourceTree = "<group>"; };
		6A45A0481BB1ECA200CB0F52 /* Info.plist */ = {isa = PBXFileReference; lastKnownFileType = text.plist.xml; path = Info.plist; sourceTree = "<group>"; };
		6A45A04E1BB1F04800CB0F52 /* THMainVC.swift */ = {isa = PBXFileReference; fileEncoding = 4; lastKnownFileType = sourcecode.swift; path = THMainVC.swift; sourceTree = "<group>"; };
		6A45A0501BB1FCEF00CB0F52 /* THCommentsTVC.swift */ = {isa = PBXFileReference; fileEncoding = 4; lastKnownFileType = sourcecode.swift; path = THCommentsTVC.swift; sourceTree = "<group>"; };
		6A45A0521BB2099700CB0F52 /* THTransitCenter.swift */ = {isa = PBXFileReference; fileEncoding = 4; lastKnownFileType = sourcecode.swift; path = THTransitCenter.swift; sourceTree = "<group>"; };
/* End PBXFileReference section */

/* Begin PBXFrameworksBuildPhase section */
		6A45A0361BB1ECA200CB0F52 /* Frameworks */ = {
			isa = PBXFrameworksBuildPhase;
			buildActionMask = 2147483647;
			files = (
			);
			runOnlyForDeploymentPostprocessing = 0;
		};
/* End PBXFrameworksBuildPhase section */

/* Begin PBXGroup section */
		6A45A0301BB1ECA200CB0F52 = {
			isa = PBXGroup;
			children = (
				6A45A0521BB2099700CB0F52 /* THTransitCenter.swift */,
				6A45A0501BB1FCEF00CB0F52 /* THCommentsTVC.swift */,
				6A45A04E1BB1F04800CB0F52 /* THMainVC.swift */,
				6A45A03B1BB1ECA200CB0F52 /* TableHotelSwift */,
				6A45A03A1BB1ECA200CB0F52 /* Products */,
			);
			sourceTree = "<group>";
		};
		6A45A03A1BB1ECA200CB0F52 /* Products */ = {
			isa = PBXGroup;
			children = (
				6A45A0391BB1ECA200CB0F52 /* TableHotelSwift.app */,
			);
			name = Products;
			sourceTree = "<group>";
		};
		6A45A03B1BB1ECA200CB0F52 /* TableHotelSwift */ = {
			isa = PBXGroup;
			children = (
				6A45A03C1BB1ECA200CB0F52 /* AppDelegate.swift */,
				6A45A0401BB1ECA200CB0F52 /* Main.storyboard */,
				6A45A0431BB1ECA200CB0F52 /* Assets.xcassets */,
				6A45A0451BB1ECA200CB0F52 /* LaunchScreen.storyboard */,
				6A45A0481BB1ECA200CB0F52 /* Info.plist */,
			);
			path = TableHotelSwift;
			sourceTree = "<group>";
		};
/* End PBXGroup section */

/* Begin PBXNativeTarget section */
		6A45A0381BB1ECA200CB0F52 /* TableHotelSwift */ = {
			isa = PBXNativeTarget;
			buildConfigurationList = 6A45A04B1BB1ECA200CB0F52 /* Build configuration list for PBXNativeTarget "TableHotelSwift" */;
			buildPhases = (
				6A45A0351BB1ECA200CB0F52 /* Sources */,
				6A45A0361BB1ECA200CB0F52 /* Frameworks */,
				6A45A0371BB1ECA200CB0F52 /* Resources */,
			);
			buildRules = (
			);
			dependencies = (
			);
			name = TableHotelSwift;
			productName = TableHotelSwift;
			productReference = 6A45A0391BB1ECA200CB0F52 /* TableHotelSwift.app */;
			productType = "com.apple.product-type.application";
		};
/* End PBXNativeTarget section */

/* Begin PBXProject section */
		6A45A0311BB1ECA200CB0F52 /* Project object */ = {
			isa = PBXProject;
			attributes = {
				LastUpgradeCheck = 0700;
				ORGANIZATIONNAME = "samuel maura";
				TargetAttributes = {
					6A45A0381BB1ECA200CB0F52 = {
						CreatedOnToolsVersion = 7.0;
					};
				};
			};
			buildConfigurationList = 6A45A0341BB1ECA200CB0F52 /* Build configuration list for PBXProject "TableHotelSwift" */;
			compatibilityVersion = "Xcode 3.2";
			developmentRegion = English;
			hasScannedForEncodings = 0;
			knownRegions = (
				en,
				Base,
			);
			mainGroup = 6A45A0301BB1ECA200CB0F52;
			productRefGroup = 6A45A03A1BB1ECA200CB0F52 /* Products */;
			projectDirPath = "";
			projectRoot = "";
			targets = (
				6A45A0381BB1ECA200CB0F52 /* TableHotelSwift */,
			);
		};
/* End PBXProject section */

/* Begin PBXResourcesBuildPhase section */
		6A45A0371BB1ECA200CB0F52 /* Resources */ = {
			isa = PBXResourcesBuildPhase;
			buildActionMask = 2147483647;
			files = (
				6A45A0471BB1ECA200CB0F52 /* LaunchScreen.storyboard in Resources */,
				6A45A0441BB1ECA200CB0F52 /* Assets.xcassets in Resources */,
				6A45A0421BB1ECA200CB0F52 /* Main.storyboard in Resources */,
			);
			runOnlyForDeploymentPostprocessing = 0;
		};
/* End PBXResourcesBuildPhase section */

/* Begin PBXSourcesBuildPhase section */
		6A45A0351BB1ECA200CB0F52 /* Sources */ = {
			isa = PBXSourcesBuildPhase;
			buildActionMask = 2147483647;
			files = (
				6A45A03D1BB1ECA200CB0F52 /* AppDelegate.swift in Sources */,
				6A45A0511BB1FCEF00CB0F52 /* THCommentsTVC.swift in Sources */,
				6A45A0531BB2099700CB0F52 /* THTransitCenter.swift in Sources */,
				6A45A04F1BB1F04800CB0F52 /* THMainVC.swift in Sources */,
			);
			runOnlyForDeploymentPostprocessing = 0;
		};
/* End PBXSourcesBuildPhase section */

/* Begin PBXVariantGroup section */
		6A45A0401BB1ECA200CB0F52 /* Main.storyboard */ = {
			isa = PBXVariantGroup;
			children = (
				6A45A0411BB1ECA200CB0F52 /* Base */,
			);
			name = Main.storyboard;
			sourceTree = "<group>";
		};
		6A45A0451BB1ECA200CB0F52 /* LaunchScreen.storyboard */ = {
			isa = PBXVariantGroup;
			children = (
				6A45A0461BB1ECA200CB0F52 /* Base */,
			);
			name = LaunchScreen.storyboard;
			sourceTree = "<group>";
		};
/* End PBXVariantGroup section */

/* Begin XCBuildConfiguration section */
		6A45A0491BB1ECA200CB0F52 /* Debug */ = {
			isa = XCBuildConfiguration;
			buildSettings = {
				ALWAYS_SEARCH_USER_PATHS = NO;
				CLANG_CXX_LANGUAGE_STANDARD = "gnu++0x";
				CLANG_CXX_LIBRARY = "libc++";
				CLANG_ENABLE_MODULES = YES;
				CLANG_ENABLE_OBJC_ARC = YES;
				CLANG_WARN_BOOL_CONVERSION = YES;
				CLANG_WARN_CONSTANT_CONVERSION = YES;
				CLANG_WARN_DIRECT_OBJC_ISA_USAGE = YES_ERROR;
				CLANG_WARN_EMPTY_BODY = YES;
				CLANG_WARN_ENUM_CONVERSION = YES;
				CLANG_WARN_INT_CONVERSION = YES;
				CLANG_WARN_OBJC_ROOT_CLASS = YES_ERROR;
				CLANG_WARN_UNREACHABLE_CODE = YES;
				CLANG_WARN__DUPLICATE_METHOD_MATCH = YES;
				"CODE_SIGN_IDENTITY[sdk=iphoneos*]" = "iPhone Developer";
				COPY_PHASE_STRIP = NO;
				DEBUG_INFORMATION_FORMAT = dwarf;
				ENABLE_STRICT_OBJC_MSGSEND = YES;
				ENABLE_TESTABILITY = YES;
				GCC_C_LANGUAGE_STANDARD = gnu99;
				GCC_DYNAMIC_NO_PIC = NO;
				GCC_NO_COMMON_BLOCKS = YES;
				GCC_OPTIMIZATION_LEVEL = 0;
				GCC_PREPROCESSOR_DEFINITIONS = (
					"DEBUG=1",
					"$(inherited)",
				);
				GCC_WARN_64_TO_32_BIT_CONVERSION = YES;
				GCC_WARN_ABOUT_RETURN_TYPE = YES_ERROR;
				GCC_WARN_UNDECLARED_SELECTOR = YES;
				GCC_WARN_UNINITIALIZED_AUTOS = YES_AGGRESSIVE;
				GCC_WARN_UNUSED_FUNCTION = YES;
				GCC_WARN_UNUSED_VARIABLE = YES;
				IPHONEOS_DEPLOYMENT_TARGET = 9.0;
				MTL_ENABLE_DEBUG_INFO = YES;
				ONLY_ACTIVE_ARCH = YES;
				SDKROOT = iphoneos;
				SWIFT_OPTIMIZATION_LEVEL = "-Onone";
			};
			name = Debug;
		};
		6A45A04A1BB1ECA200CB0F52 /* Release */ = {
			isa = XCBuildConfiguration;
			buildSettings = {
				ALWAYS_SEARCH_USER_PATHS = NO;
				CLANG_CXX_LANGUAGE_STANDARD = "gnu++0x";
				CLANG_CXX_LIBRARY = "libc++";
				CLANG_ENABLE_MODULES = YES;
				CLANG_ENABLE_OBJC_ARC = YES;
				CLANG_WARN_BOOL_CONVERSION = YES;
				CLANG_WARN_CONSTANT_CONVERSION = YES;
				CLANG_WARN_DIRECT_OBJC_ISA_USAGE = YES_ERROR;
				CLANG_WARN_EMPTY_BODY = YES;
				CLANG_WARN_ENUM_CONVERSION = YES;
				CLANG_WARN_INT_CONVERSION = YES;
				CLANG_WARN_OBJC_ROOT_CLASS = YES_ERROR;
				CLANG_WARN_UNREACHABLE_CODE = YES;
				CLANG_WARN__DUPLICATE_METHOD_MATCH = YES;
				"CODE_SIGN_IDENTITY[sdk=iphoneos*]" = "iPhone Developer";
				COPY_PHASE_STRIP = NO;
				DEBUG_INFORMATION_FORMAT = "dwarf-with-dsym";
				ENABLE_NS_ASSERTIONS = NO;
				ENABLE_STRICT_OBJC_MSGSEND = YES;
				GCC_C_LANGUAGE_STANDARD = gnu99;
				GCC_NO_COMMON_BLOCKS = YES;
				GCC_WARN_64_TO_32_BIT_CONVERSION = YES;
				GCC_WARN_ABOUT_RETURN_TYPE = YES_ERROR;
				GCC_WARN_UNDECLARED_SELECTOR = YES;
				GCC_WARN_UNINITIALIZED_AUTOS = YES_AGGRESSIVE;
				GCC_WARN_UNUSED_FUNCTION = YES;
				GCC_WARN_UNUSED_VARIABLE = YES;
				IPHONEOS_DEPLOYMENT_TARGET = 9.0;
				MTL_ENABLE_DEBUG_INFO = NO;
				SDKROOT = iphoneos;
				VALIDATE_PRODUCT = YES;
			};
			name = Release;
		};
		6A45A04C1BB1ECA200CB0F52 /* Debug */ = {
			isa = XCBuildConfiguration;
			buildSettings = {
				ASSETCATALOG_COMPILER_APPICON_NAME = AppIcon;
				INFOPLIST_FILE = TableHotelSwift/Info.plist;
				IPHONEOS_DEPLOYMENT_TARGET = 8.4;
				LD_RUNPATH_SEARCH_PATHS = "$(inherited) @executable_path/Frameworks";
				PRODUCT_BUNDLE_IDENTIFIER = com.glifn..TableHotelSwift;
				PRODUCT_NAME = "$(TARGET_NAME)";
			};
			name = Debug;
		};
		6A45A04D1BB1ECA200CB0F52 /* Release */ = {
			isa = XCBuildConfiguration;
			buildSettings = {
				ASSETCATALOG_COMPILER_APPICON_NAME = AppIcon;
				INFOPLIST_FILE = TableHotelSwift/Info.plist;
				IPHONEOS_DEPLOYMENT_TARGET = 8.4;
				LD_RUNPATH_SEARCH_PATHS = "$(inherited) @executable_path/Frameworks";
				PRODUCT_BUNDLE_IDENTIFIER = com.glifn..TableHotelSwift;
				PRODUCT_NAME = "$(TARGET_NAME)";
			};
			name = Release;
		};
/* End XCBuildConfiguration section */

/* Begin XCConfigurationList section */
		6A45A0341BB1ECA200CB0F52 /* Build configuration list for PBXProject "TableHotelSwift" */ = {
			isa = XCConfigurationList;
			buildConfigurations = (
				6A45A0491BB1ECA200CB0F52 /* Debug */,
				6A45A04A1BB1ECA200CB0F52 /* Release */,
			);
			defaultConfigurationIsVisible = 0;
			defaultConfigurationName = Release;
		};
		6A45A04B1BB1ECA200CB0F52 /* Build configuration list for PBXNativeTarget "TableHotelSwift" */ = {
			isa = XCConfigurationList;
			buildConfigurations = (
				6A45A04C1BB1ECA200CB0F52 /* Debug */,
				6A45A04D1BB1ECA200CB0F52 /* Release */,
			);
			defaultConfigurationIsVisible = 0;
		};
/* End XCConfigurationList section */
	};
	rootObject = 6A45A0311BB1ECA200CB0F52 /* Project object */;
}
